# THIS IS AN AUTOGENERATED FILE. DO NOT EDIT THIS FILE DIRECTLY.
# yarn lockfile v1


"@babel/runtime@^7.14.5", "@babel/runtime@^7.7.6":
  version "7.17.2"
  resolved "https://registry.npmmirror.com/@babel/runtime/-/runtime-7.17.2.tgz#66f68591605e59da47523c631416b18508779941"
  integrity sha512-hzeyJyMA1YGdJTuWU0e/j4wKXrU4OMFvY2MSlaI9B7VQb0r5cxTE3EAIS2Q7Tn2RIcDkRvTA/v2JsAEhxe99uw==
  dependencies:
    regenerator-runtime "^0.13.4"

"@tarojs/api@3.4.1":
  version "3.4.1"
  resolved "https://registry.npmmirror.com/@tarojs/api/-/api-3.4.1.tgz#4a90cf48161eb627fa4abfd6d4b497a683a5aa55"
  integrity sha512-Gmh0e9cp3rCofCCGQNlmTpdpSvgnHGDKGNwkQzzSTpuqMNih6a0jVQaG6zk3lh5mETVTcf+8tF5q4MTFppRL/g==
  dependencies:
    "@babel/runtime" "^7.14.5"
    "@tarojs/runtime" "3.4.1"

"@tarojs/router@3.4.1":
  version "3.4.1"
  resolved "https://registry.npmmirror.com/@tarojs/router/-/router-3.4.1.tgz#f53ca1cdde19dc98c0426876e9c28afed5df711d"
  integrity sha512-u0siXz8B6gvhI3g5EGpgBdzP2XCLfoD8SVIg6ZackzW0NMm4qFM73qGS7ZSIrasVqVRNAh3EEOdfjEKUH9EFXw==
  dependencies:
    "@tarojs/runtime" "3.4.1"
    "@tarojs/taro" "3.4.1"
    history "^5.1.0"
    query-string "^6.13.8"
    universal-router "^8.3.0"
    url-parse "^1.4.7"

"@tarojs/runtime@3.4.1":
  version "3.4.1"
  resolved "https://registry.npmmirror.com/@tarojs/runtime/-/runtime-3.4.1.tgz#71c2239771e7755a076367ac284e0a487d8a9c1c"
  integrity sha512-jPh1P/S6JU9lZyC1KOEJy0sE2QRBpDZKQJqRnOu5nCylZzxaZ2TU1ACmnfuNnUX7/CwWt5f/y+h0mVFpvv9hwA==
  dependencies:
    "@tarojs/shared" "3.4.1"
    inversify "5.1.1"
    lodash-es "4.17.15"
    reflect-metadata "^0.1.13"

"@tarojs/shared@3.4.1":
  version "3.4.1"
  resolved "https://registry.npmmirror.com/@tarojs/shared/-/shared-3.4.1.tgz#529ff63f52b936573d225856c4f7c6902848592f"
  integrity sha512-X9LBS/TPBRsDjXj9+wynWQepdCY2jcPEJrpKdOL9Z+lEbvRABhnTOUjuaRKIkBJ+lLRg3/Xf8y1Oln+gnajKQQ==

"@tarojs/taro-h5@3.4.1":
  version "3.4.1"
  resolved "https://registry.npmmirror.com/@tarojs/taro-h5/-/taro-h5-3.4.1.tgz#ad6ae7d88eb4afd9548d78d03010edf066a82a6c"
  integrity sha512-hvwnWJ/EWzHNO5+3QVp6Nb6mJ5e4YCETVeTe2dQrKqbjew8w/DHxu6OzHJP6WlVw+WZHrlIUc5FfSuSIeDisbw==
  dependencies:
    "@tarojs/api" "3.4.1"
    "@tarojs/router" "3.4.1"
    "@tarojs/runtime" "3.4.1"
    "@tarojs/taro" "3.4.1"
    base64-js "^1.3.0"
    jsonp-retry "^1.0.3"
    mobile-detect "^1.4.2"
    whatwg-fetch "^3.4.0"

"@tarojs/taro@3.4.1", "@tarojs/taro@^3.4.1":
  version "3.4.1"
  resolved "https://registry.npmmirror.com/@tarojs/taro/-/taro-3.4.1.tgz#05b34cfdb363216985c428cc84b2067c0ec7dec0"
  integrity sha512-10ubTVi4cAgFws1mMJPOgDTWyW+eeMTVwJkB0EfLe3nsZ/tK0w2+ulwMh5At60Tj4mWGzrSF6U4SWZRY4H5Ldw==
  dependencies:
    "@tarojs/api" "3.4.1"
    "@tarojs/runtime" "3.4.1"
    "@tarojs/taro-h5" "3.4.1"

base64-js@^1.3.0:
  version "1.5.1"
  resolved "https://registry.npmmirror.com/base64-js/-/base64-js-1.5.1.tgz#1b1b440160a5bf7ad40b650f095963481903930a"
  integrity sha512-AKpaYlHn8t4SVbOHCy+b5+KKgvR4vrsD8vbvrbiQJps7fKDTkjkDry6ji0rUJjC0kzbNePLwzxq8iypo41qeWA==

decode-uri-component@^0.2.0:
  version "0.2.0"
  resolved "https://registry.npmmirror.com/decode-uri-component/-/decode-uri-component-0.2.0.tgz#eb3913333458775cb84cd1a1fae062106bb87545"
  integrity sha512-hjf+xovcEn31w/EUYdTXQh/8smFL/dzYjohQGEIgjyNavaJfBY2p5F527Bo1VPATxv0VYTUC2bOcXvqFwk78Og==

filter-obj@^1.1.0:
  version "1.1.0"
  resolved "https://registry.npmmirror.com/filter-obj/-/filter-obj-1.1.0.tgz#9b311112bc6c6127a16e016c6c5d7f19e0805c5b"
  integrity sha512-8rXg1ZnX7xzy2NGDVkBVaAy+lSlPNwad13BtgSlLuxfIslyt5Vg64U7tFcCt4WS1R0hvtnQybT/IyCkGZ3DpXQ==

history@^5.1.0:
  version "5.2.0"
  resolved "https://registry.npmmirror.com/history/-/history-5.2.0.tgz#7cdd31cf9bac3c5d31f09c231c9928fad0007b7c"
  integrity sha512-uPSF6lAJb3nSePJ43hN3eKj1dTWpN9gMod0ZssbFTIsen+WehTmEadgL+kg78xLJFdRfrrC//SavDzmRVdE+Ig==
  dependencies:
    "@babel/runtime" "^7.7.6"

inversify@5.1.1:
  version "5.1.1"
  resolved "https://registry.npmmirror.com/inversify/-/inversify-5.1.1.tgz#6fbd668c591337404e005a1946bfe0d802c08730"
  integrity sha512-j8grHGDzv1v+8T1sAQ+3boTCntFPfvxLCkNcxB1J8qA0lUN+fAlSyYd+RXKvaPRL4AGyPxViutBEJHNXOyUdFQ==

jsonp-retry@^1.0.3:
  version "1.0.3"
  resolved "https://registry.npmmirror.com/jsonp-retry/-/jsonp-retry-1.0.3.tgz#9e6b18b02ec767a621dd44b4e99439a8a43a6419"
  integrity sha512-/jmE9+shtKP+oIt2AWO9Wx+C27NTGpLCEw4QHOqpoV2X6ta374HE9C+EEdgu8r3iLKgFMx7u5j0mCwxWN8UdlA==
  dependencies:
    object-assign "^4.1.1"

lodash-es@4.17.15:
  version "4.17.15"
  resolved "https://registry.npmmirror.com/lodash-es/-/lodash-es-4.17.15.tgz#21bd96839354412f23d7a10340e5eac6ee455d78"
  integrity sha512-rlrc3yU3+JNOpZ9zj5pQtxnx2THmvRykwL4Xlxoa8I9lHBlVbbyPhgyPMioxVZ4NqyxaVVtaJnzsyOidQIhyyQ==

mobile-detect@^1.4.2:
  version "1.4.5"
  resolved "https://registry.npmmirror.com/mobile-detect/-/mobile-detect-1.4.5.tgz#da393c3c413ca1a9bcdd9ced653c38281c0fb6ad"
  integrity sha512-yc0LhH6tItlvfLBugVUEtgawwFU2sIe+cSdmRJJCTMZ5GEJyLxNyC/NIOAOGk67Fa8GNpOttO3Xz/1bHpXFD/g==

object-assign@^4.1.1:
  version "4.1.1"
  resolved "https://registry.npmmirror.com/object-assign/-/object-assign-4.1.1.tgz#2109adc7965887cfc05cbbd442cac8bfbb360863"
  integrity sha512-rJgTQnkUnH1sFw8yT6VSU3zD3sWmu6sZhIseY8VX+GRu3P6F7Fu+JNDoXfklElbLJSnc3FUQHVe4cU5hj+BcUg==

path-to-regexp@^3.1.0:
  version "3.2.0"
  resolved "https://registry.npmmirror.com/path-to-regexp/-/path-to-regexp-3.2.0.tgz#fa7877ecbc495c601907562222453c43cc204a5f"
  integrity sha512-jczvQbCUS7XmS7o+y1aEO9OBVFeZBQ1MDSEqmO7xSoPgOPoowY/SxLpZ6Vh97/8qHZOteiCKb7gkG9gA2ZUxJA==

query-string@^6.13.8:
  version "6.14.1"
  resolved "https://registry.npmmirror.com/query-string/-/query-string-6.14.1.tgz#7ac2dca46da7f309449ba0f86b1fd28255b0c86a"
  integrity sha512-XDxAeVmpfu1/6IjyT/gXHOl+S0vQ9owggJ30hhWKdHAsNPOcasn5o9BW0eejZqL2e4vMjhAxoW3jVHcD6mbcYw==
  dependencies:
    decode-uri-component "^0.2.0"
    filter-obj "^1.1.0"
    split-on-first "^1.0.0"
    strict-uri-encode "^2.0.0"

querystringify@^2.1.1:
  version "2.2.0"
  resolved "https://registry.npmmirror.com/querystringify/-/querystringify-2.2.0.tgz#3345941b4153cb9d082d8eee4cda2016a9aef7f6"
  integrity sha512-FIqgj2EUvTa7R50u0rGsyTftzjYmv/a3hO345bZNrqabNqjtgiDMgmo4mkUjd+nzU5oF3dClKqFIPUKybUyqoQ==

reflect-metadata@^0.1.13:
  version "0.1.13"
  resolved "https://registry.npmmirror.com/reflect-metadata/-/reflect-metadata-0.1.13.tgz#67ae3ca57c972a2aa1642b10fe363fe32d49dc08"
  integrity sha512-Ts1Y/anZELhSsjMcU605fU9RE4Oi3p5ORujwbIKXfWa+0Zxs510Qrmrce5/Jowq3cHSZSJqBjypxmHarc+vEWg==

regenerator-runtime@^0.13.4:
  version "0.13.9"
  resolved "https://registry.npmmirror.com/regenerator-runtime/-/regenerator-runtime-0.13.9.tgz#8925742a98ffd90814988d7566ad30ca3b263b52"
  integrity sha512-p3VT+cOEgxFsRRA9X4lkI1E+k2/CtnKtU4gcxyaCUreilL/vqI6CdZ3wxVUx3UOUg+gnUOQQcRI7BmSI656MYA==

requires-port@^1.0.0:
  version "1.0.0"
  resolved "https://registry.npmmirror.com/requires-port/-/requires-port-1.0.0.tgz#925d2601d39ac485e091cf0da5c6e694dc3dcaff"
  integrity sha512-KigOCHcocU3XODJxsu8i/j8T9tzT4adHiecwORRQ0ZZFcp7ahwXuRU1m+yuO90C5ZUyGeGfocHDI14M3L3yDAQ==

split-on-first@^1.0.0:
  version "1.1.0"
  resolved "https://registry.npmmirror.com/split-on-first/-/split-on-first-1.1.0.tgz#f610afeee3b12bce1d0c30425e76398b78249a5f"
  integrity sha512-43ZssAJaMusuKWL8sKUBQXHWOpq8d6CfN/u1p4gUzfJkM05C8rxTmYrkIPTXapZpORA6LkkzcUulJ8FqA7Uudw==

strict-uri-encode@^2.0.0:
  version "2.0.0"
  resolved "https://registry.npmmirror.com/strict-uri-encode/-/strict-uri-encode-2.0.0.tgz#b9c7330c7042862f6b142dc274bbcc5866ce3546"
  integrity sha512-QwiXZgpRcKkhTj2Scnn++4PKtWsH0kpzZ62L2R6c/LUVYv7hVnZqcg2+sMuT6R7Jusu1vviK/MFsu6kNJfWlEQ==

universal-router@^8.3.0:
  version "8.3.0"
  resolved "https://registry.npmmirror.com/universal-router/-/universal-router-8.3.0.tgz#533bce135d7b1abf591421c5d2028d54407a34a0"
  integrity sha512-cBkihRoHvRQAjdUnDE1GGuuw/TPAIi8z2pEsSmUVAWLeZdgjHzzAb1+0VOO6NvBOvySItOTQikzaGlRxRdJBnA==
  dependencies:
    path-to-regexp "^3.1.0"

url-parse@^1.4.7:
  version "1.5.7"
  resolved "https://registry.npmmirror.com/url-parse/-/url-parse-1.5.7.tgz#00780f60dbdae90181f51ed85fb24109422c932a"
  integrity sha512-HxWkieX+STA38EDk7CE9MEryFeHCKzgagxlGvsdS7WBImq9Mk+PGwiT56w82WI3aicwJA8REp42Cxo98c8FZMA==
  dependencies:
    querystringify "^2.1.1"
    requires-port "^1.0.0"

whatwg-fetch@^3.4.0:
  version "3.6.2"
  resolved "https://registry.npmmirror.com/whatwg-fetch/-/whatwg-fetch-3.6.2.tgz#dced24f37f2624ed0281725d51d0e2e3fe677f8c"
  integrity sha512-bJlen0FcuU/0EMLrdbJ7zOnW6ITZLrZMIarMUVmdKtsGvZna8vxKYaexICWPfZ8qwf9fzNq+UEIZrnSaApt6RA==
